{
  "nodes": {
    "flake-utils": {
      "locked": {
        "lastModified": 1653893745,
        "narHash": "sha256-0jntwV3Z8//YwuOjzhV2sgJJPt+HY6KhU7VZUL0fKZQ=",
        "owner": "numtide",
        "repo": "flake-utils",
        "rev": "1ed9fb1935d260de5fe1c2f7ee0ebaae17ed2fa1",
        "type": "github"
      },
      "original": {
        "owner": "numtide",
        "ref": "master",
        "repo": "flake-utils",
        "type": "github"
      }
    },
    "gomod2nix": {
      "inputs": {
        "nixpkgs": "nixpkgs",
        "utils": "utils"
      },
      "locked": {
        "lastModified": 1653934437,
        "narHash": "sha256-BJVDE3y/IfHHPjRymJWEIcDooaAIleH6Hy+pkLxst3E=",
        "owner": "tweag",
        "repo": "gomod2nix",
        "rev": "fb910de8cc78c3e820d24f9b718614ea255af469",
        "type": "github"
      },
      "original": {
        "owner": "tweag",
        "ref": "master",
        "repo": "gomod2nix",
        "type": "github"
      }
    },
    "nixpkgs": {
      "locked": {
        "lastModified": 1653581809,
        "narHash": "sha256-Uvka0V5MTGbeOfWte25+tfRL3moECDh1VwokWSZUdoY=",
        "owner": "NixOS",
        "repo": "nixpkgs",
        "rev": "83658b28fe638a170a19b8933aa008b30640fbd1",
        "type": "github"
      },
      "original": {
        "owner": "NixOS",
        "ref": "nixos-unstable",
        "repo": "nixpkgs",
        "type": "github"
      }
    },
    "nixpkgs_2": {
      "locked": {
        "lastModified": 1653918805,
        "narHash": "sha256-6ahwAnBNGgqSNSn/6RnsxrlFi+fkA+RyT6o/5S1915o=",
        "owner": "NixOS",
        "repo": "nixpkgs",
        "rev": "a0a69be4b5ee63f1b5e75887a406e9194012b492",
        "type": "github"
      },
      "original": {
        "id": "nixpkgs",
        "type": "indirect"
      }
    },
    "nuigui-upstream": {
      "flake": false,
      "locked": {
        "lastModified": 1551541396,
        "narHash": "sha256-PZUzgumsvIpzEgODVpiBKlZzZQHXKhS+3lOB+2EDeeQ=",
        "owner": "uakci",
        "repo": "nuigui",
        "rev": "87d41886f7c4693dfc5e3016799232c7e15e4c81",
        "type": "github"
      },
      "original": {
        "owner": "uakci",
        "ref": "master",
        "repo": "nuigui",
        "type": "github"
      }
    },
    "root": {
      "inputs": {
        "flake-utils": "flake-utils",
        "gomod2nix": "gomod2nix",
        "nixpkgs": "nixpkgs_2",
        "nuigui-upstream": "nuigui-upstream",
        "serial-predicate-engine-upstream": "serial-predicate-engine-upstream"
      }
    },
    "serial-predicate-engine-upstream": {
      "flake": false,
      "locked": {
        "lastModified": 1546479877,
        "narHash": "sha256-jVDNyfYWlk5qYsZSQjcGdI4hdEKKdSciz6QK0nAqKGs=",
        "owner": "acotis",
        "repo": "serial-predicate-engine",
        "rev": "9e02baf711c0b7402da2eeb50b8644bf7b6e415f",
        "type": "github"
      },
      "original": {
        "owner": "acotis",
        "ref": "master",
        "repo": "serial-predicate-engine",
        "type": "github"
      }
    },
    "utils": {
      "locked": {
        "lastModified": 1653893745,
        "narHash": "sha256-0jntwV3Z8//YwuOjzhV2sgJJPt+HY6KhU7VZUL0fKZQ=",
        "owner": "numtide",
        "repo": "flake-utils",
        "rev": "1ed9fb1935d260de5fe1c2f7ee0ebaae17ed2fa1",
        "type": "github"
      },
      "original": {
        "owner": "numtide",
        "repo": "flake-utils",
        "type": "github"
      }
    }
  },
  "root": "root",
  "version": 7
}
